
Microsoft Visual Studio Solution File, Format Version 12.00
# Visual Studio Version 16
VisualStudioVersion = 16.0.31025.194
MinimumVisualStudioVersion = 10.0.40219.1
Project("{9A19103F-16F7-4668-BE54-9A1E7A4F7556}") = "EnrichDomain.ADM", "EnrichDomain.ADM\EnrichDomain.ADM.csproj", "{400A38E8-4CD7-4DAA-A8D1-27147F45A379}"
EndProject
Project("{9A19103F-16F7-4668-BE54-9A1E7A4F7556}") = "EnrichDomain.Test", "EnrichDomain.Test\EnrichDomain.Test.csproj", "{1B462B6A-ECAE-45A4-8129-B6FA5E0A8D9D}"
EndProject
Project("{FAE04EC0-301F-11D3-BF4B-00C04F79EFBC}") = "EnrichDomain.RDM", "EnrichDomain.RDM\EnrichDomain.RDM.csproj", "{B8D5B4AD-25E3-47D0-A73B-32FAC22C1109}"
EndProject
Global
	GlobalSection(SolutionConfigurationPlatforms) = preSolution
		Debug|Any CPU = Debug|Any CPU
		Release|Any CPU = Release|Any CPU
	EndGlobalSection
	GlobalSection(ProjectConfigurationPlatforms) = postSolution
		{400A38E8-4CD7-4DAA-A8D1-27147F45A379}.Debug|Any CPU.ActiveCfg = Debug|Any CPU
		{400A38E8-4CD7-4DAA-A8D1-27147F45A379}.Debug|Any CPU.Build.0 = Debug|Any CPU
		{400A38E8-4CD7-4DAA-A8D1-27147F45A379}.Release|Any CPU.ActiveCfg = Release|Any CPU
		{400A38E8-4CD7-4DAA-A8D1-27147F45A379}.Release|Any CPU.Build.0 = Release|Any CPU
		{1B462B6A-ECAE-45A4-8129-B6FA5E0A8D9D}.Debug|Any CPU.ActiveCfg = Debug|Any CPU
		{1B462B6A-ECAE-45A4-8129-B6FA5E0A8D9D}.Debug|Any CPU.Build.0 = Debug|Any CPU
		{1B462B6A-ECAE-45A4-8129-B6FA5E0A8D9D}.Release|Any CPU.ActiveCfg = Release|Any CPU
		{1B462B6A-ECAE-45A4-8129-B6FA5E0A8D9D}.Release|Any CPU.Build.0 = Release|Any CPU
		{B8D5B4AD-25E3-47D0-A73B-32FAC22C1109}.Debug|Any CPU.ActiveCfg = Debug|Any CPU
		{B8D5B4AD-25E3-47D0-A73B-32FAC22C1109}.Debug|Any CPU.Build.0 = Debug|Any CPU
		{B8D5B4AD-25E3-47D0-A73B-32FAC22C1109}.Release|Any CPU.ActiveCfg = Release|Any CPU
		{B8D5B4AD-25E3-47D0-A73B-32FAC22C1109}.Release|Any CPU.Build.0 = Release|Any CPU
	EndGlobalSection
	GlobalSection(SolutionProperties) = preSolution
		HideSolutionNode = FALSE
	EndGlobalSection
	GlobalSection(ExtensibilityGlobals) = postSolution
		SolutionGuid = {FDAAD4E5-699F-48B7-BAC4-F2BBB4271FDB}
	EndGlobalSection
EndGlobal
